# This file is automatically @generated by Poetry 1.6.1 and should not be changed by hand.

[[package]]
name = "appnope"
version = "0.1.3"
description = "Disable App Nap on macOS >= 10.9"
optional = false
python-versions = "*"
files = [
    {file = "appnope-0.1.3-py2.py3-none-any.whl", hash = "sha256:265a455292d0bd8a72453494fa24df5a11eb18373a60c7c0430889f22548605e"},
    {file = "appnope-0.1.3.tar.gz", hash = "sha256:02bd91c4de869fbb1e1c50aafc4098827a7a54ab2f39d9dcba6c9547ed920e24"},
]

[[package]]
name = "asgiref"
version = "3.7.2"
description = "ASGI specs, helper code, and adapters"
optional = false
python-versions = ">=3.7"
files = [
    {file = "asgiref-3.7.2-py3-none-any.whl", hash = "sha256:89b2ef2247e3b562a16eef663bc0e2e703ec6468e2fa8a5cd61cd449786d4f6e"},
    {file = "asgiref-3.7.2.tar.gz", hash = "sha256:9e0ce3aa93a819ba5b45120216b23878cf6e8525eb3848653452b4192b92afed"},
]

[package.extras]
tests = ["mypy (>=0.800)", "pytest", "pytest-asyncio"]

[[package]]
name = "asttokens"
version = "2.4.0"
description = "Annotate AST trees with source code positions"
optional = false
python-versions = "*"
files = [
    {file = "asttokens-2.4.0-py2.py3-none-any.whl", hash = "sha256:cf8fc9e61a86461aa9fb161a14a0841a03c405fa829ac6b202670b3495d2ce69"},
    {file = "asttokens-2.4.0.tar.gz", hash = "sha256:2e0171b991b2c959acc6c49318049236844a5da1d65ba2672c4880c1c894834e"},
]

[package.dependencies]
six = ">=1.12.0"

[package.extras]
test = ["astroid", "pytest"]

[[package]]
name = "backcall"
version = "0.2.0"
description = "Specifications for callback functions passed in to an API"
optional = false
python-versions = "*"
files = [
    {file = "backcall-0.2.0-py2.py3-none-any.whl", hash = "sha256:fbbce6a29f263178a1f7915c1940bde0ec2b2a967566fe1c65c1dfb7422bd255"},
    {file = "backcall-0.2.0.tar.gz", hash = "sha256:5cbdbf27be5e7cfadb448baf0aa95508f91f2bbc6c6437cd9cd06e2a4c215e1e"},
]

[[package]]
name = "colorama"
version = "0.4.6"
description = "Cross-platform colored terminal text."
optional = false
python-versions = "!=3.0.*,!=3.1.*,!=3.2.*,!=3.3.*,!=3.4.*,!=3.5.*,!=3.6.*,>=2.7"
files = [
    {file = "colorama-0.4.6-py2.py3-none-any.whl", hash = "sha256:4f1d9991f5acc0ca119f9d443620b77f9d6b33703e51011c16baf57afb285fc6"},
    {file = "colorama-0.4.6.tar.gz", hash = "sha256:08695f5cb7ed6e0531a20572697297273c47b8cae5a63ffc6d6ed5c201be6e44"},
]

[[package]]
name = "decorator"
version = "5.1.1"
description = "Decorators for Humans"
optional = false
python-versions = ">=3.5"
files = [
    {file = "decorator-5.1.1-py3-none-any.whl", hash = "sha256:b8c3f85900b9dc423225913c5aace94729fe1fa9763b38939a95226f02d37186"},
    {file = "decorator-5.1.1.tar.gz", hash = "sha256:637996211036b6385ef91435e4fae22989472f9d571faba8927ba8253acbc330"},
]

[[package]]
name = "dj-database-url"
version = "2.1.0"
description = "Use Database URLs in your Django Application."
optional = false
python-versions = "*"
files = [
    {file = "dj-database-url-2.1.0.tar.gz", hash = "sha256:f2042cefe1086e539c9da39fad5ad7f61173bf79665e69bf7e4de55fa88b135f"},
    {file = "dj_database_url-2.1.0-py3-none-any.whl", hash = "sha256:04bc34b248d4c21aaa13e4ab419ae6575ef5f10f3df735ce7da97722caa356e0"},
]

[package.dependencies]
Django = ">=3.2"
typing-extensions = ">=3.10.0.0"

[[package]]
name = "django"
version = "4.2.6"
description = "A high-level Python web framework that encourages rapid development and clean, pragmatic design."
optional = false
python-versions = ">=3.8"
files = [
    {file = "Django-4.2.6-py3-none-any.whl", hash = "sha256:a64d2487cdb00ad7461434320ccc38e60af9c404773a2f95ab0093b4453a3215"},
    {file = "Django-4.2.6.tar.gz", hash = "sha256:08f41f468b63335aea0d904c5729e0250300f6a1907bf293a65499496cdbc68f"},
]

[package.dependencies]
asgiref = ">=3.6.0,<4"
sqlparse = ">=0.3.1"
tzdata = {version = "*", markers = "sys_platform == \"win32\""}

[package.extras]
argon2 = ["argon2-cffi (>=19.1.0)"]
bcrypt = ["bcrypt"]

[[package]]
name = "django-cors-headers"
version = "4.2.0"
description = "django-cors-headers is a Django application for handling the server headers required for Cross-Origin Resource Sharing (CORS)."
optional = false
python-versions = ">=3.8"
files = [
    {file = "django_cors_headers-4.2.0-py3-none-any.whl", hash = "sha256:9ada212b0e2efd4a5e339360ffc869cb21ac5605e810afe69f7308e577ea5bde"},
    {file = "django_cors_headers-4.2.0.tar.gz", hash = "sha256:f9749c6410fe738278bc2b6ef17f05195bc7b251693c035752d8257026af024f"},
]

[package.dependencies]
Django = ">=3.2"

[[package]]
name = "django-environ"
version = "0.11.2"
description = "A package that allows you to utilize 12factor inspired environment variables to configure your Django application."
optional = false
python-versions = ">=3.6,<4"
files = [
    {file = "django-environ-0.11.2.tar.gz", hash = "sha256:f32a87aa0899894c27d4e1776fa6b477e8164ed7f6b3e410a62a6d72caaf64be"},
    {file = "django_environ-0.11.2-py2.py3-none-any.whl", hash = "sha256:0ff95ab4344bfeff693836aa978e6840abef2e2f1145adff7735892711590c05"},
]

[package.extras]
develop = ["coverage[toml] (>=5.0a4)", "furo (>=2021.8.17b43,<2021.9.dev0)", "pytest (>=4.6.11)", "sphinx (>=3.5.0)", "sphinx-notfound-page"]
docs = ["furo (>=2021.8.17b43,<2021.9.dev0)", "sphinx (>=3.5.0)", "sphinx-notfound-page"]
testing = ["coverage[toml] (>=5.0a4)", "pytest (>=4.6.11)"]

[[package]]
name = "executing"
version = "2.0.0"
description = "Get the currently executing AST node of a frame, and other information"
optional = false
python-versions = "*"
files = [
    {file = "executing-2.0.0-py2.py3-none-any.whl", hash = "sha256:06df6183df67389625f4e763921c6cf978944721abf3e714000200aab95b0657"},
    {file = "executing-2.0.0.tar.gz", hash = "sha256:0ff053696fdeef426cda5bd18eacd94f82c91f49823a2e9090124212ceea9b08"},
]

[package.extras]
tests = ["asttokens (>=2.1.0)", "coverage", "coverage-enable-subprocess", "ipython", "littleutils", "pytest", "rich"]

[[package]]
name = "gunicorn"
version = "21.2.0"
description = "WSGI HTTP Server for UNIX"
optional = false
python-versions = ">=3.5"
files = [
    {file = "gunicorn-21.2.0-py3-none-any.whl", hash = "sha256:3213aa5e8c24949e792bcacfc176fef362e7aac80b76c56f6b5122bf350722f0"},
    {file = "gunicorn-21.2.0.tar.gz", hash = "sha256:88ec8bff1d634f98e61b9f65bc4bf3cd918a90806c6f5c48bc5603849ec81033"},
]

[package.dependencies]
packaging = "*"

[package.extras]
eventlet = ["eventlet (>=0.24.1)"]
gevent = ["gevent (>=1.4.0)"]
setproctitle = ["setproctitle"]
tornado = ["tornado (>=0.2)"]

[[package]]
name = "ipdb"
version = "0.13.13"
description = "IPython-enabled pdb"
optional = false
python-versions = ">=2.7, !=3.0.*, !=3.1.*, !=3.2.*, !=3.3.*"
files = [
    {file = "ipdb-0.13.13-py3-none-any.whl", hash = "sha256:45529994741c4ab6d2388bfa5d7b725c2cf7fe9deffabdb8a6113aa5ed449ed4"},
    {file = "ipdb-0.13.13.tar.gz", hash = "sha256:e3ac6018ef05126d442af680aad863006ec19d02290561ac88b8b1c0b0cfc726"},
]

[package.dependencies]
decorator = {version = "*", markers = "python_version >= \"3.11\""}
ipython = {version = ">=7.31.1", markers = "python_version >= \"3.11\""}

[[package]]
name = "ipython"
version = "8.16.1"
description = "IPython: Productive Interactive Computing"
optional = false
python-versions = ">=3.9"
files = [
    {file = "ipython-8.16.1-py3-none-any.whl", hash = "sha256:0852469d4d579d9cd613c220af7bf0c9cc251813e12be647cb9d463939db9b1e"},
    {file = "ipython-8.16.1.tar.gz", hash = "sha256:ad52f58fca8f9f848e256c629eff888efc0528c12fe0f8ec14f33205f23ef938"},
]

[package.dependencies]
appnope = {version = "*", markers = "sys_platform == \"darwin\""}
backcall = "*"
colorama = {version = "*", markers = "sys_platform == \"win32\""}
decorator = "*"
jedi = ">=0.16"
matplotlib-inline = "*"
pexpect = {version = ">4.3", markers = "sys_platform != \"win32\""}
pickleshare = "*"
prompt-toolkit = ">=3.0.30,<3.0.37 || >3.0.37,<3.1.0"
pygments = ">=2.4.0"
stack-data = "*"
traitlets = ">=5"

[package.extras]
all = ["black", "curio", "docrepr", "exceptiongroup", "ipykernel", "ipyparallel", "ipywidgets", "matplotlib", "matplotlib (!=3.2.0)", "nbconvert", "nbformat", "notebook", "numpy (>=1.21)", "pandas", "pytest (<7)", "pytest (<7.1)", "pytest-asyncio", "qtconsole", "setuptools (>=18.5)", "sphinx (>=1.3)", "sphinx-rtd-theme", "stack-data", "testpath", "trio", "typing-extensions"]
black = ["black"]
doc = ["docrepr", "exceptiongroup", "ipykernel", "matplotlib", "pytest (<7)", "pytest (<7.1)", "pytest-asyncio", "setuptools (>=18.5)", "sphinx (>=1.3)", "sphinx-rtd-theme", "stack-data", "testpath", "typing-extensions"]
kernel = ["ipykernel"]
nbconvert = ["nbconvert"]
nbformat = ["nbformat"]
notebook = ["ipywidgets", "notebook"]
parallel = ["ipyparallel"]
qtconsole = ["qtconsole"]
test = ["pytest (<7.1)", "pytest-asyncio", "testpath"]
test-extra = ["curio", "matplotlib (!=3.2.0)", "nbformat", "numpy (>=1.21)", "pandas", "pytest (<7.1)", "pytest-asyncio", "testpath", "trio"]

[[package]]
name = "jedi"
version = "0.19.1"
description = "An autocompletion tool for Python that can be used for text editors."
optional = false
python-versions = ">=3.6"
files = [
    {file = "jedi-0.19.1-py2.py3-none-any.whl", hash = "sha256:e983c654fe5c02867aef4cdfce5a2fbb4a50adc0af145f70504238f18ef5e7e0"},
    {file = "jedi-0.19.1.tar.gz", hash = "sha256:cf0496f3651bc65d7174ac1b7d043eff454892c708a87d1b683e57b569927ffd"},
]

[package.dependencies]
parso = ">=0.8.3,<0.9.0"

[package.extras]
docs = ["Jinja2 (==2.11.3)", "MarkupSafe (==1.1.1)", "Pygments (==2.8.1)", "alabaster (==0.7.12)", "babel (==2.9.1)", "chardet (==4.0.0)", "commonmark (==0.8.1)", "docutils (==0.17.1)", "future (==0.18.2)", "idna (==2.10)", "imagesize (==1.2.0)", "mock (==1.0.1)", "packaging (==20.9)", "pyparsing (==2.4.7)", "pytz (==2021.1)", "readthedocs-sphinx-ext (==2.1.4)", "recommonmark (==0.5.0)", "requests (==2.25.1)", "six (==1.15.0)", "snowballstemmer (==2.1.0)", "sphinx (==1.8.5)", "sphinx-rtd-theme (==0.4.3)", "sphinxcontrib-serializinghtml (==1.1.4)", "sphinxcontrib-websupport (==1.2.4)", "urllib3 (==1.26.4)"]
qa = ["flake8 (==5.0.4)", "mypy (==0.971)", "types-setuptools (==67.2.0.1)"]
testing = ["Django", "attrs", "colorama", "docopt", "pytest (<7.0.0)"]

[[package]]
name = "matplotlib-inline"
version = "0.1.6"
description = "Inline Matplotlib backend for Jupyter"
optional = false
python-versions = ">=3.5"
files = [
    {file = "matplotlib-inline-0.1.6.tar.gz", hash = "sha256:f887e5f10ba98e8d2b150ddcf4702c1e5f8b3a20005eb0f74bfdbd360ee6f304"},
    {file = "matplotlib_inline-0.1.6-py3-none-any.whl", hash = "sha256:f1f41aab5328aa5aaea9b16d083b128102f8712542f819fe7e6a420ff581b311"},
]

[package.dependencies]
traitlets = "*"

[[package]]
name = "packaging"
version = "23.2"
description = "Core utilities for Python packages"
optional = false
python-versions = ">=3.7"
files = [
    {file = "packaging-23.2-py3-none-any.whl", hash = "sha256:8c491190033a9af7e1d931d0b5dacc2ef47509b34dd0de67ed209b5203fc88c7"},
    {file = "packaging-23.2.tar.gz", hash = "sha256:048fb0e9405036518eaaf48a55953c750c11e1a1b68e0dd1a9d62ed0c092cfc5"},
]

[[package]]
name = "parso"
version = "0.8.3"
description = "A Python Parser"
optional = false
python-versions = ">=3.6"
files = [
    {file = "parso-0.8.3-py2.py3-none-any.whl", hash = "sha256:c001d4636cd3aecdaf33cbb40aebb59b094be2a74c556778ef5576c175e19e75"},
    {file = "parso-0.8.3.tar.gz", hash = "sha256:8c07be290bb59f03588915921e29e8a50002acaf2cdc5fa0e0114f91709fafa0"},
]

[package.extras]
qa = ["flake8 (==3.8.3)", "mypy (==0.782)"]
testing = ["docopt", "pytest (<6.0.0)"]

[[package]]
name = "pexpect"
version = "4.8.0"
description = "Pexpect allows easy control of interactive console applications."
optional = false
python-versions = "*"
files = [
    {file = "pexpect-4.8.0-py2.py3-none-any.whl", hash = "sha256:0b48a55dcb3c05f3329815901ea4fc1537514d6ba867a152b581d69ae3710937"},
    {file = "pexpect-4.8.0.tar.gz", hash = "sha256:fc65a43959d153d0114afe13997d439c22823a27cefceb5ff35c2178c6784c0c"},
]

[package.dependencies]
ptyprocess = ">=0.5"

[[package]]
name = "pickleshare"
version = "0.7.5"
description = "Tiny 'shelve'-like database with concurrency support"
optional = false
python-versions = "*"
files = [
    {file = "pickleshare-0.7.5-py2.py3-none-any.whl", hash = "sha256:9649af414d74d4df115d5d718f82acb59c9d418196b7b4290ed47a12ce62df56"},
    {file = "pickleshare-0.7.5.tar.gz", hash = "sha256:87683d47965c1da65cdacaf31c8441d12b8044cdec9aca500cd78fc2c683afca"},
]

[[package]]
name = "prompt-toolkit"
version = "3.0.39"
description = "Library for building powerful interactive command lines in Python"
optional = false
python-versions = ">=3.7.0"
files = [
    {file = "prompt_toolkit-3.0.39-py3-none-any.whl", hash = "sha256:9dffbe1d8acf91e3de75f3b544e4842382fc06c6babe903ac9acb74dc6e08d88"},
    {file = "prompt_toolkit-3.0.39.tar.gz", hash = "sha256:04505ade687dc26dc4284b1ad19a83be2f2afe83e7a828ace0c72f3a1df72aac"},
]

[package.dependencies]
wcwidth = "*"

[[package]]
name = "psycopg"
version = "3.1.12"
description = "PostgreSQL database adapter for Python"
optional = false
python-versions = ">=3.7"
files = [
    {file = "psycopg-3.1.12-py3-none-any.whl", hash = "sha256:8ec5230d6a7eb654b4fb3cf2d3eda8871d68f24807b934790504467f1deee9f8"},
    {file = "psycopg-3.1.12.tar.gz", hash = "sha256:cec7ad2bc6a8510e56c45746c631cf9394148bdc8a9a11fd8cf8554ce129ae78"},
]

[package.dependencies]
psycopg-binary = {version = "3.1.12", optional = true, markers = "extra == \"binary\""}
typing-extensions = ">=4.1"
tzdata = {version = "*", markers = "sys_platform == \"win32\""}

[package.extras]
binary = ["psycopg-binary (==3.1.12)"]
c = ["psycopg-c (==3.1.12)"]
dev = ["black (>=23.1.0)", "dnspython (>=2.1)", "flake8 (>=4.0)", "mypy (>=1.4.1)", "types-setuptools (>=57.4)", "wheel (>=0.37)"]
docs = ["Sphinx (>=5.0)", "furo (==2022.6.21)", "sphinx-autobuild (>=2021.3.14)", "sphinx-autodoc-typehints (>=1.12)"]
pool = ["psycopg-pool"]
test = ["anyio (>=3.6.2,<4.0)", "mypy (>=1.4.1)", "pproxy (>=2.7)", "pytest (>=6.2.5)", "pytest-cov (>=3.0)", "pytest-randomly (>=3.5)"]

[[package]]
name = "psycopg-binary"
version = "3.1.12"
description = "PostgreSQL database adapter for Python -- C optimisation distribution"
optional = false
python-versions = ">=3.7"
files = [
    {file = "psycopg_binary-3.1.12-cp310-cp310-macosx_10_9_x86_64.whl", hash = "sha256:29a69f62aae8617361376d9ed1e34966ae9c3a74c4ab3aa430a7ce0c11530862"},
    {file = "psycopg_binary-3.1.12-cp310-cp310-macosx_11_0_arm64.whl", hash = "sha256:7308316fdb6796399041b80db0ab9f356504ed26427e46834ade82ba94b067ce"},
    {file = "psycopg_binary-3.1.12-cp310-cp310-manylinux_2_17_aarch64.manylinux2014_aarch64.whl", hash = "sha256:130752b9b2f8d071f179e257b9698cedfe4546be81ad5ecd8ed52cf9d725580d"},
    {file = "psycopg_binary-3.1.12-cp310-cp310-manylinux_2_17_i686.manylinux2014_i686.whl", hash = "sha256:45bcecc96a6e6fe11e06b75f7ba8005d6f717f16fae7ab1cf5a0aec5191f87c3"},
    {file = "psycopg_binary-3.1.12-cp310-cp310-manylinux_2_17_ppc64le.manylinux2014_ppc64le.whl", hash = "sha256:bc3f0fcc4fcccffda2450c725bee9fad73bc6c110cfbe3b8a777063845d9c6b9"},
    {file = "psycopg_binary-3.1.12-cp310-cp310-manylinux_2_17_x86_64.manylinux2014_x86_64.whl", hash = "sha256:f93749f0fe69cfbfec22af690bb4b241f1a4347c57be26fe2e5b70588f7d602f"},
    {file = "psycopg_binary-3.1.12-cp310-cp310-musllinux_1_1_aarch64.whl", hash = "sha256:36147f708cc6a9d74c2b8d880f8dd3a6d53364b5c487536adaa022d435c90733"},
    {file = "psycopg_binary-3.1.12-cp310-cp310-musllinux_1_1_i686.whl", hash = "sha256:2bbcc6fbabc2b92d18d955d9fa104fd9d8bd2dcb97a279c4e788c6b714ffd1af"},
    {file = "psycopg_binary-3.1.12-cp310-cp310-musllinux_1_1_ppc64le.whl", hash = "sha256:0dee8a1ecc501d9c3db06d08184712459bbb5806a09121c3a25e8cbe91e234d7"},
    {file = "psycopg_binary-3.1.12-cp310-cp310-musllinux_1_1_x86_64.whl", hash = "sha256:49d6acf228edb5bd9000735b89b780b18face776d081b905cf68e149d57dfcc1"},
    {file = "psycopg_binary-3.1.12-cp310-cp310-win_amd64.whl", hash = "sha256:ee65335781a54f29f4abc28060a6188c41bdd42fdc3cbc1dd84695ed8ef18321"},
    {file = "psycopg_binary-3.1.12-cp311-cp311-macosx_10_9_x86_64.whl", hash = "sha256:d401722aa38bda64d1ba8293f6dad99f6f684711e2c016a93f138f2bbcff2a4b"},
    {file = "psycopg_binary-3.1.12-cp311-cp311-macosx_11_0_arm64.whl", hash = "sha256:46eac158e8e794d9414a8fe7706beeee9b1ecc4accbea914314825ace8137105"},
    {file = "psycopg_binary-3.1.12-cp311-cp311-manylinux_2_17_aarch64.manylinux2014_aarch64.whl", hash = "sha256:3f017400679aa38f6cb22b888b8ec198a5b100ec2132e6b3bcfa797b14b5b438"},
    {file = "psycopg_binary-3.1.12-cp311-cp311-manylinux_2_17_i686.manylinux2014_i686.whl", hash = "sha256:d176c4614f5208ab9938d5426d61627c8fbc7f8dab53fef42c8bf2ab8605aa51"},
    {file = "psycopg_binary-3.1.12-cp311-cp311-manylinux_2_17_ppc64le.manylinux2014_ppc64le.whl", hash = "sha256:c48c4f3fcfd9e75e3fdb18eea320de591e06059a859280ec26ce8d753299353d"},
    {file = "psycopg_binary-3.1.12-cp311-cp311-manylinux_2_17_x86_64.manylinux2014_x86_64.whl", hash = "sha256:98fce28d8136bdd883f20d26467bf259b5fb559eb64d8f83695690714cdfdad3"},
    {file = "psycopg_binary-3.1.12-cp311-cp311-musllinux_1_1_aarch64.whl", hash = "sha256:e4a0f44bc29fc1b56ee1c865796cbe354078ee1e985f898e4915db185055bf7d"},
    {file = "psycopg_binary-3.1.12-cp311-cp311-musllinux_1_1_i686.whl", hash = "sha256:6def4f238ca02d6b42336b405d02729c081c978cda9b6ba7549a9c63a91ba823"},
    {file = "psycopg_binary-3.1.12-cp311-cp311-musllinux_1_1_ppc64le.whl", hash = "sha256:000838cb5ab7851116b462e58893a96b0f1e35864135a6283f3242a730ec45d3"},
    {file = "psycopg_binary-3.1.12-cp311-cp311-musllinux_1_1_x86_64.whl", hash = "sha256:e7949e1aefe339f04dbecac6aa036c9cd137a58f966c4b96ab933823c340ee12"},
    {file = "psycopg_binary-3.1.12-cp311-cp311-win_amd64.whl", hash = "sha256:b32922872460575083487de41e17e8cf308c3550da02c704efe42960bc6c19de"},
    {file = "psycopg_binary-3.1.12-cp312-cp312-macosx_10_9_x86_64.whl", hash = "sha256:70054ada2f890d004dc3d5ff908e34aecb085fd599d40db2975c09a39c50dfc3"},
    {file = "psycopg_binary-3.1.12-cp312-cp312-macosx_11_0_arm64.whl", hash = "sha256:7544d6d74f5b5f9daafe8a4ed7d266787d62a2bf16f5120c45d42d1f4a856bc8"},
    {file = "psycopg_binary-3.1.12-cp312-cp312-manylinux_2_17_aarch64.manylinux2014_aarch64.whl", hash = "sha256:43197161099cb4e36a9ca44c10657908b619d7263ffcff30932ad4627430dc3c"},
    {file = "psycopg_binary-3.1.12-cp312-cp312-manylinux_2_17_i686.manylinux2014_i686.whl", hash = "sha256:68398cdf3aedd4042b1126b9aba34615f1ab592831483282f19f0159fce5ca75"},
    {file = "psycopg_binary-3.1.12-cp312-cp312-manylinux_2_17_ppc64le.manylinux2014_ppc64le.whl", hash = "sha256:77ae6cda3ffee2425aca9ea7af57296d0c701e2ac5897b48b95dfee050234592"},
    {file = "psycopg_binary-3.1.12-cp312-cp312-manylinux_2_17_x86_64.manylinux2014_x86_64.whl", hash = "sha256:278e8888e90fb6ebd7eae8ccb85199eafd712b734e641e0d40f2a903e946102d"},
    {file = "psycopg_binary-3.1.12-cp312-cp312-musllinux_1_1_aarch64.whl", hash = "sha256:047c4ba8d3089465b0a69c4c669128df43403867858d78da6b40b33788bfa89f"},
    {file = "psycopg_binary-3.1.12-cp312-cp312-musllinux_1_1_i686.whl", hash = "sha256:8248b11ac490bb74de80457ab0e9cef31c08164ff7b867031927a17e5c9e19ed"},
    {file = "psycopg_binary-3.1.12-cp312-cp312-musllinux_1_1_ppc64le.whl", hash = "sha256:6979c02acb9783c6134ee516751b8f891a2d4db7f73ebecc9e92750283d6fb99"},
    {file = "psycopg_binary-3.1.12-cp312-cp312-musllinux_1_1_x86_64.whl", hash = "sha256:eaf2375b724ad61ee82a5c2a849e57b12b3cb510ec8845084132bbb907cb3335"},
    {file = "psycopg_binary-3.1.12-cp312-cp312-win_amd64.whl", hash = "sha256:6177cfa6f872a9cc84dbfc7dc163af6ef01639c50acc9a441673f29c2305c37a"},
    {file = "psycopg_binary-3.1.12-cp37-cp37m-macosx_10_9_x86_64.whl", hash = "sha256:b81427fd5a97c9b4ac12f3b8d985870b0c3866b5fc2e72e51cacd3630ffd6466"},
    {file = "psycopg_binary-3.1.12-cp37-cp37m-manylinux_2_17_aarch64.manylinux2014_aarch64.whl", hash = "sha256:3f17a2c393879aa54f840540009d0e70a30d22ffa0038d81e258ac2c99b15d74"},
    {file = "psycopg_binary-3.1.12-cp37-cp37m-manylinux_2_17_i686.manylinux2014_i686.whl", hash = "sha256:6c6a5d125a61101ef5ab7384206e43952fe2a5fca997b96d28a28a752512f900"},
    {file = "psycopg_binary-3.1.12-cp37-cp37m-manylinux_2_17_ppc64le.manylinux2014_ppc64le.whl", hash = "sha256:942a18df448a33d77aa7dff7e93062ace7926608a965db003622cb5f27910ba2"},
    {file = "psycopg_binary-3.1.12-cp37-cp37m-manylinux_2_17_x86_64.manylinux2014_x86_64.whl", hash = "sha256:3195baff3e3e5d71828400d38af0ffc5a15d7dca2bfaadc9eb615235774b9290"},
    {file = "psycopg_binary-3.1.12-cp37-cp37m-musllinux_1_1_aarch64.whl", hash = "sha256:f26bb34e0e9bb83fba00c4835f91f5c5348cdf689df8c8b503571c0d0027c8f5"},
    {file = "psycopg_binary-3.1.12-cp37-cp37m-musllinux_1_1_i686.whl", hash = "sha256:104bdc85c5c4884b3f900155b635588a28740f561b32a3e27c38bcd249feba41"},
    {file = "psycopg_binary-3.1.12-cp37-cp37m-musllinux_1_1_ppc64le.whl", hash = "sha256:53464cb71e06faac479f44b8870f115004187e1dfb299b9725d1d7f85d9e5479"},
    {file = "psycopg_binary-3.1.12-cp37-cp37m-musllinux_1_1_x86_64.whl", hash = "sha256:052835aac03ee6a9d5b6fe35c468da79084ebe38709e6d3c24ff5b9422fb2947"},
    {file = "psycopg_binary-3.1.12-cp37-cp37m-win_amd64.whl", hash = "sha256:a21a7fffec1a225b26d72adb960d771fc5a9aba8e1f7dd710abcaa9a980e9740"},
    {file = "psycopg_binary-3.1.12-cp38-cp38-macosx_10_9_x86_64.whl", hash = "sha256:6925a543e88cdfd1a2f679c7a33c08f107de60728a4a3c52f88d4491d40a7f51"},
    {file = "psycopg_binary-3.1.12-cp38-cp38-macosx_11_0_arm64.whl", hash = "sha256:b04957bd5caff94eac38306357b6d448dd20a6f68fd998e115e3731a55118d83"},
    {file = "psycopg_binary-3.1.12-cp38-cp38-manylinux_2_17_aarch64.manylinux2014_aarch64.whl", hash = "sha256:f6f55979804853efa5ce84d7ef59ff3772e0823247497f7d4a6870e6527fd791"},
    {file = "psycopg_binary-3.1.12-cp38-cp38-manylinux_2_17_i686.manylinux2014_i686.whl", hash = "sha256:7d343e1f564fdc8964e1c08b8a6c1f6ebf4b45ee5631b5241c9cbac793f4500c"},
    {file = "psycopg_binary-3.1.12-cp38-cp38-manylinux_2_17_ppc64le.manylinux2014_ppc64le.whl", hash = "sha256:48c4ba35f717783327931aa9da6e6aab81b6b90f3e6b902b18e269d73e7d0882"},
    {file = "psycopg_binary-3.1.12-cp38-cp38-manylinux_2_17_x86_64.manylinux2014_x86_64.whl", hash = "sha256:d77c95d6086e0714225764772bf8110bb29dfbc6c32aa56e725a01998ce20e7c"},
    {file = "psycopg_binary-3.1.12-cp38-cp38-musllinux_1_1_aarch64.whl", hash = "sha256:6dea80e65c7a97150d555b64744e7279ff4c6b259d27580b756a5b282a7d44e3"},
    {file = "psycopg_binary-3.1.12-cp38-cp38-musllinux_1_1_i686.whl", hash = "sha256:03a851123d0155e1d6ca5b6cccf624e2fc71c8f7eae76f5100196e0fca047d30"},
    {file = "psycopg_binary-3.1.12-cp38-cp38-musllinux_1_1_ppc64le.whl", hash = "sha256:99ad07b9ef5853713bb63c55e179af52994e96f445c5d66b87d8b986182922ef"},
    {file = "psycopg_binary-3.1.12-cp38-cp38-musllinux_1_1_x86_64.whl", hash = "sha256:4441d0f8ecae499a6ac5c79078c9fcd406c0bf70e72cb6cba888aca51aa46943"},
    {file = "psycopg_binary-3.1.12-cp38-cp38-win_amd64.whl", hash = "sha256:cb45a709b966583773acc3418fffbf6d73b014943b6efceca6a7d3ca960956cf"},
    {file = "psycopg_binary-3.1.12-cp39-cp39-macosx_10_9_x86_64.whl", hash = "sha256:5112245daf98e22046316e72690689a8952a9b078908206a6b16cd28d84cde7c"},
    {file = "psycopg_binary-3.1.12-cp39-cp39-macosx_11_0_arm64.whl", hash = "sha256:c2eb94bf0bd653c940517cd92dc4f98c85d505f69013b247dda747413bcf0a8b"},
    {file = "psycopg_binary-3.1.12-cp39-cp39-manylinux_2_17_aarch64.manylinux2014_aarch64.whl", hash = "sha256:d41b03ce52a109858735ac19fe0295e3f77bef0388d6a3e105074ad68f4a9645"},
    {file = "psycopg_binary-3.1.12-cp39-cp39-manylinux_2_17_i686.manylinux2014_i686.whl", hash = "sha256:4fddc3c9beaf745de3da10230f0144a4c667b21c3f7a94a3bb1fb004954c9810"},
    {file = "psycopg_binary-3.1.12-cp39-cp39-manylinux_2_17_ppc64le.manylinux2014_ppc64le.whl", hash = "sha256:c5987616698c895ae079fb5e26811b72948cb3b75c2c690446379298e96c1568"},
    {file = "psycopg_binary-3.1.12-cp39-cp39-manylinux_2_17_x86_64.manylinux2014_x86_64.whl", hash = "sha256:f4ae45d58bd79795a2d23d05be5496b226b09ac2688b9ed9808e13c345e2d542"},
    {file = "psycopg_binary-3.1.12-cp39-cp39-musllinux_1_1_aarch64.whl", hash = "sha256:bb98252ac8ba41a121f88979e4232ffc1d6722c953531cbdae2b328322308581"},
    {file = "psycopg_binary-3.1.12-cp39-cp39-musllinux_1_1_i686.whl", hash = "sha256:ca09e4937c9db24a58951ee9aea7aae7bca11a954b30c59f3b271e9bdebd80d7"},
    {file = "psycopg_binary-3.1.12-cp39-cp39-musllinux_1_1_ppc64le.whl", hash = "sha256:03e321e149d051daa20892ed1bb3beabf0aae98a8c37da30ec80fa12306f9ba9"},
    {file = "psycopg_binary-3.1.12-cp39-cp39-musllinux_1_1_x86_64.whl", hash = "sha256:d819cb43cccc10ba501b9d462409fcaaeb19f77b8379b2e7ca0ced4a49446d4a"},
    {file = "psycopg_binary-3.1.12-cp39-cp39-win_amd64.whl", hash = "sha256:c9eb2ba27760bc1303f0708ba95b9e4f3f3b77a081ef4f7f53375c71da3a1bee"},
]

[[package]]
name = "ptyprocess"
version = "0.7.0"
description = "Run a subprocess in a pseudo terminal"
optional = false
python-versions = "*"
files = [
    {file = "ptyprocess-0.7.0-py2.py3-none-any.whl", hash = "sha256:4b41f3967fce3af57cc7e94b888626c18bf37a083e3651ca8feeb66d492fef35"},
    {file = "ptyprocess-0.7.0.tar.gz", hash = "sha256:5c5d0a3b48ceee0b48485e0c26037c0acd7d29765ca3fbb5cb3831d347423220"},
]

[[package]]
name = "pure-eval"
version = "0.2.2"
description = "Safely evaluate AST nodes without side effects"
optional = false
python-versions = "*"
files = [
    {file = "pure_eval-0.2.2-py3-none-any.whl", hash = "sha256:01eaab343580944bc56080ebe0a674b39ec44a945e6d09ba7db3cb8cec289350"},
    {file = "pure_eval-0.2.2.tar.gz", hash = "sha256:2b45320af6dfaa1750f543d714b6d1c520a1688dec6fd24d339063ce0aaa9ac3"},
]

[package.extras]
tests = ["pytest"]

[[package]]
name = "pygments"
version = "2.16.1"
description = "Pygments is a syntax highlighting package written in Python."
optional = false
python-versions = ">=3.7"
files = [
    {file = "Pygments-2.16.1-py3-none-any.whl", hash = "sha256:13fc09fa63bc8d8671a6d247e1eb303c4b343eaee81d861f3404db2935653692"},
    {file = "Pygments-2.16.1.tar.gz", hash = "sha256:1daff0494820c69bc8941e407aa20f577374ee88364ee10a98fdbe0aece96e29"},
]

[package.extras]
plugins = ["importlib-metadata"]

[[package]]
name = "ruff"
version = "0.0.292"
description = "An extremely fast Python linter, written in Rust."
optional = false
python-versions = ">=3.7"
files = [
    {file = "ruff-0.0.292-py3-none-macosx_10_7_x86_64.whl", hash = "sha256:02f29db018c9d474270c704e6c6b13b18ed0ecac82761e4fcf0faa3728430c96"},
    {file = "ruff-0.0.292-py3-none-macosx_10_9_x86_64.macosx_11_0_arm64.macosx_10_9_universal2.whl", hash = "sha256:69654e564342f507edfa09ee6897883ca76e331d4bbc3676d8a8403838e9fade"},
    {file = "ruff-0.0.292-py3-none-manylinux_2_17_aarch64.manylinux2014_aarch64.whl", hash = "sha256:6c3c91859a9b845c33778f11902e7b26440d64b9d5110edd4e4fa1726c41e0a4"},
    {file = "ruff-0.0.292-py3-none-manylinux_2_17_armv7l.manylinux2014_armv7l.whl", hash = "sha256:f4476f1243af2d8c29da5f235c13dca52177117935e1f9393f9d90f9833f69e4"},
    {file = "ruff-0.0.292-py3-none-manylinux_2_17_i686.manylinux2014_i686.whl", hash = "sha256:be8eb50eaf8648070b8e58ece8e69c9322d34afe367eec4210fdee9a555e4ca7"},
    {file = "ruff-0.0.292-py3-none-manylinux_2_17_ppc64.manylinux2014_ppc64.whl", hash = "sha256:9889bac18a0c07018aac75ef6c1e6511d8411724d67cb879103b01758e110a81"},
    {file = "ruff-0.0.292-py3-none-manylinux_2_17_ppc64le.manylinux2014_ppc64le.whl", hash = "sha256:6bdfabd4334684a4418b99b3118793f2c13bb67bf1540a769d7816410402a205"},
    {file = "ruff-0.0.292-py3-none-manylinux_2_17_s390x.manylinux2014_s390x.whl", hash = "sha256:aa7c77c53bfcd75dbcd4d1f42d6cabf2485d2e1ee0678da850f08e1ab13081a8"},
    {file = "ruff-0.0.292-py3-none-manylinux_2_17_x86_64.manylinux2014_x86_64.whl", hash = "sha256:8e087b24d0d849c5c81516ec740bf4fd48bf363cfb104545464e0fca749b6af9"},
    {file = "ruff-0.0.292-py3-none-musllinux_1_2_aarch64.whl", hash = "sha256:f160b5ec26be32362d0774964e218f3fcf0a7da299f7e220ef45ae9e3e67101a"},
    {file = "ruff-0.0.292-py3-none-musllinux_1_2_armv7l.whl", hash = "sha256:ac153eee6dd4444501c4bb92bff866491d4bfb01ce26dd2fff7ca472c8df9ad0"},
    {file = "ruff-0.0.292-py3-none-musllinux_1_2_i686.whl", hash = "sha256:87616771e72820800b8faea82edd858324b29bb99a920d6aa3d3949dd3f88fb0"},
    {file = "ruff-0.0.292-py3-none-musllinux_1_2_x86_64.whl", hash = "sha256:b76deb3bdbea2ef97db286cf953488745dd6424c122d275f05836c53f62d4016"},
    {file = "ruff-0.0.292-py3-none-win32.whl", hash = "sha256:e854b05408f7a8033a027e4b1c7f9889563dd2aca545d13d06711e5c39c3d003"},
    {file = "ruff-0.0.292-py3-none-win_amd64.whl", hash = "sha256:f27282bedfd04d4c3492e5c3398360c9d86a295be00eccc63914438b4ac8a83c"},
    {file = "ruff-0.0.292-py3-none-win_arm64.whl", hash = "sha256:7f67a69c8f12fbc8daf6ae6d36705037bde315abf8b82b6e1f4c9e74eb750f68"},
    {file = "ruff-0.0.292.tar.gz", hash = "sha256:1093449e37dd1e9b813798f6ad70932b57cf614e5c2b5c51005bf67d55db33ac"},
]

[[package]]
name = "six"
version = "1.16.0"
description = "Python 2 and 3 compatibility utilities"
optional = false
python-versions = ">=2.7, !=3.0.*, !=3.1.*, !=3.2.*"
files = [
    {file = "six-1.16.0-py2.py3-none-any.whl", hash = "sha256:8abb2f1d86890a2dfb989f9a77cfcfd3e47c2a354b01111771326f8aa26e0254"},
    {file = "six-1.16.0.tar.gz", hash = "sha256:1e61c37477a1626458e36f7b1d82aa5c9b094fa4802892072e49de9c60c4c926"},
]

[[package]]
name = "sqlparse"
version = "0.4.4"
description = "A non-validating SQL parser."
optional = false
python-versions = ">=3.5"
files = [
    {file = "sqlparse-0.4.4-py3-none-any.whl", hash = "sha256:5430a4fe2ac7d0f93e66f1efc6e1338a41884b7ddf2a350cedd20ccc4d9d28f3"},
    {file = "sqlparse-0.4.4.tar.gz", hash = "sha256:d446183e84b8349fa3061f0fe7f06ca94ba65b426946ffebe6e3e8295332420c"},
]

[package.extras]
dev = ["build", "flake8"]
doc = ["sphinx"]
test = ["pytest", "pytest-cov"]

[[package]]
name = "stack-data"
version = "0.6.3"
description = "Extract data from python stack frames and tracebacks for informative displays"
optional = false
python-versions = "*"
files = [
    {file = "stack_data-0.6.3-py3-none-any.whl", hash = "sha256:d5558e0c25a4cb0853cddad3d77da9891a08cb85dd9f9f91b9f8cd66e511e695"},
    {file = "stack_data-0.6.3.tar.gz", hash = "sha256:836a778de4fec4dcd1dcd89ed8abff8a221f58308462e1c4aa2a3cf30148f0b9"},
]

[package.dependencies]
asttokens = ">=2.1.0"
executing = ">=1.2.0"
pure-eval = "*"

[package.extras]
tests = ["cython", "littleutils", "pygments", "pytest", "typeguard"]

[[package]]
name = "traitlets"
version = "5.11.2"
description = "Traitlets Python configuration system"
optional = false
python-versions = ">=3.8"
files = [
    {file = "traitlets-5.11.2-py3-none-any.whl", hash = "sha256:98277f247f18b2c5cabaf4af369187754f4fb0e85911d473f72329db8a7f4fae"},
    {file = "traitlets-5.11.2.tar.gz", hash = "sha256:7564b5bf8d38c40fa45498072bf4dc5e8346eb087bbf1e2ae2d8774f6a0f078e"},
]

[package.extras]
docs = ["myst-parser", "pydata-sphinx-theme", "sphinx"]
test = ["argcomplete (>=3.0.3)", "mypy (>=1.5.1)", "pre-commit", "pytest (>=7.0,<7.5)", "pytest-mock", "pytest-mypy-testing"]

[[package]]
name = "typing-extensions"
version = "4.8.0"
description = "Backported and Experimental Type Hints for Python 3.8+"
optional = false
python-versions = ">=3.8"
files = [
    {file = "typing_extensions-4.8.0-py3-none-any.whl", hash = "sha256:8f92fc8806f9a6b641eaa5318da32b44d401efaac0f6678c9bc448ba3605faa0"},
    {file = "typing_extensions-4.8.0.tar.gz", hash = "sha256:df8e4339e9cb77357558cbdbceca33c303714cf861d1eef15e1070055ae8b7ef"},
]

[[package]]
name = "tzdata"
version = "2023.3"
description = "Provider of IANA time zone data"
optional = false
python-versions = ">=2"
files = [
    {file = "tzdata-2023.3-py2.py3-none-any.whl", hash = "sha256:7e65763eef3120314099b6939b5546db7adce1e7d6f2e179e3df563c70511eda"},
    {file = "tzdata-2023.3.tar.gz", hash = "sha256:11ef1e08e54acb0d4f95bdb1be05da659673de4acbd21bf9c69e94cc5e907a3a"},
]

[[package]]
name = "wcwidth"
version = "0.2.8"
description = "Measures the displayed width of unicode strings in a terminal"
optional = false
python-versions = "*"
files = [
    {file = "wcwidth-0.2.8-py2.py3-none-any.whl", hash = "sha256:77f719e01648ed600dfa5402c347481c0992263b81a027344f3e1ba25493a704"},
    {file = "wcwidth-0.2.8.tar.gz", hash = "sha256:8705c569999ffbb4f6a87c6d1b80f324bd6db952f5eb0b95bc07517f4c1813d4"},
]

[metadata]
lock-version = "2.0"
python-versions = "3.12.0"
content-hash = "debc0bec617f0da9a1fce60a570794e6ffa4e8c5cb2b1157c7b44358dd11dc3d"
